
Microsoft Visual Studio Solution File, Format Version 12.00
# Visual Studio Version 16
VisualStudioVersion = 16.0.30907.101
MinimumVisualStudioVersion = 10.0.40219.1
Project("{FAE04EC0-301F-11D3-BF4B-00C04F79EFBC}") = "Registry", "Registry\Registry.csproj", "{6C502E0E-7205-40BB-ACC2-48F9983EF204}"
EndProject
Global
	GlobalSection(SolutionConfigurationPlatforms) = preSolution
		Debug|Any CPU = Debug|Any CPU
		Release|Any CPU = Release|Any CPU
	EndGlobalSection
	GlobalSection(ProjectConfigurationPlatforms) = postSolution
		{6C502E0E-7205-40BB-ACC2-48F9983EF204}.Debug|Any CPU.ActiveCfg = Debug|Any CPU
		{6C502E0E-7205-40BB-ACC2-48F9983EF204}.Debug|Any CPU.Build.0 = Debug|Any CPU
		{6C502E0E-7205-40BB-ACC2-48F9983EF204}.Release|Any CPU.ActiveCfg = Release|Any CPU
		{6C502E0E-7205-40BB-ACC2-48F9983EF204}.Release|Any CPU.Build.0 = Release|Any CPU
	EndGlobalSection
	GlobalSection(SolutionProperties) = preSolution
		HideSolutionNode = FALSE
	EndGlobalSection
	GlobalSection(ExtensibilityGlobals) = postSolution
		SolutionGuid = {57282502-30FC-4CDD-9540-A3F7FF281EAA}
	EndGlobalSection
EndGlobal
